
Microsoft Visual Studio Solution File, Format Version 12.00
# Visual Studio 2017
Project("{FAE04EC0-301F-11D3-BF4B-00C04F79EFBC}") = "Navigation_Try", "Navigation_Try.csproj", "{64551B4A-17A9-F0C3-EF5C-BFB6B8E805E7}"
EndProject
Project("{FAE04EC0-301F-11D3-BF4B-00C04F79EFBC}") = "Navigation_Try.Plugins", "Navigation_Try.Plugins.csproj", "{D2B45162-2B5D-7313-7681-5C773F120251}"
EndProject
Project("{FAE04EC0-301F-11D3-BF4B-00C04F79EFBC}") = "Navigation_Try.Editor.Plugins", "Navigation_Try.Editor.Plugins.csproj", "{799F4026-A6B7-5D13-D801-B69AB6D84402}"
EndProject
Global
	GlobalSection(SolutionConfigurationPlatforms) = preSolution
		Debug|Any CPU = Debug|Any CPU
		Release|Any CPU = Release|Any CPU
	EndGlobalSection
	GlobalSection(ProjectConfigurationPlatforms) = postSolution
		{64551B4A-17A9-F0C3-EF5C-BFB6B8E805E7}.Debug|Any CPU.ActiveCfg = Debug|Any CPU
		{64551B4A-17A9-F0C3-EF5C-BFB6B8E805E7}.Debug|Any CPU.Build.0 = Debug|Any CPU
		{64551B4A-17A9-F0C3-EF5C-BFB6B8E805E7}.Release|Any CPU.ActiveCfg = Release|Any CPU
		{64551B4A-17A9-F0C3-EF5C-BFB6B8E805E7}.Release|Any CPU.Build.0 = Release|Any CPU
		{D2B45162-2B5D-7313-7681-5C773F120251}.Debug|Any CPU.ActiveCfg = Debug|Any CPU
		{D2B45162-2B5D-7313-7681-5C773F120251}.Debug|Any CPU.Build.0 = Debug|Any CPU
		{D2B45162-2B5D-7313-7681-5C773F120251}.Release|Any CPU.ActiveCfg = Release|Any CPU
		{D2B45162-2B5D-7313-7681-5C773F120251}.Release|Any CPU.Build.0 = Release|Any CPU
		{799F4026-A6B7-5D13-D801-B69AB6D84402}.Debug|Any CPU.ActiveCfg = Debug|Any CPU
		{799F4026-A6B7-5D13-D801-B69AB6D84402}.Debug|Any CPU.Build.0 = Debug|Any CPU
		{799F4026-A6B7-5D13-D801-B69AB6D84402}.Release|Any CPU.ActiveCfg = Release|Any CPU
		{799F4026-A6B7-5D13-D801-B69AB6D84402}.Release|Any CPU.Build.0 = Release|Any CPU
	EndGlobalSection
	GlobalSection(SolutionProperties) = preSolution
		HideSolutionNode = FALSE
	EndGlobalSection
EndGlobal
